{
  "name": "cosmetic-dentist",
  "lockfileVersion": 3,
  "requires": true,
  "packages": {
    "": {
      "dependencies": {
        "@fancyapps/ui": "^6.1.15"
      }
    },
    "node_modules/@fancyapps/ui": {
      "version": "6.1.15",
      "resolved": "https://registry.npmjs.org/@fancyapps/ui/-/ui-6.1.15.tgz",
      "integrity": "sha512-J1w/ZLhkXzMSHZ7Bg1iX7GFA/YkH/Ka+r2HIX4pchwu6PNalfyzzgxghhP92CWlbH4ssV8qYPJ/KQcdRW5TVVw==",
      "license": "SEE LICENSE IN LICENSE.md"
    }
  }
}
